
Microsoft Visual Studio Solution File, Format Version 9.00
# Visual Studio 2005
Project("{8BC9CEB8-8B4A-11D0-8D11-00A0C91BC942}") = "lib", "lib\lib.vcproj", "{2AE65176-4340-460F-BA40-AAA4353B9691}"
EndProject
Project("{8BC9CEB8-8B4A-11D0-8D11-00A0C91BC942}") = "test", "test\test.vcproj", "{DA48DED7-9C8E-4160-9C39-6104EFDB774A}"
	ProjectSection(ProjectDependencies) = postProject
		{2AE65176-4340-460F-BA40-AAA4353B9691} = {2AE65176-4340-460F-BA40-AAA4353B9691}
	EndProjectSection
EndProject
Project("{8BC9CEB8-8B4A-11D0-8D11-00A0C91BC942}") = "app", "app\app.vcproj", "{DFE3DB8D-A512-45EA-B3AB-C59A4976DDB9}"
	ProjectSection(ProjectDependencies) = postProject
		{2AE65176-4340-460F-BA40-AAA4353B9691} = {2AE65176-4340-460F-BA40-AAA4353B9691}
	EndProjectSection
EndProject
Global
	GlobalSection(SolutionConfigurationPlatforms) = preSolution
		Debug|Win32 = Debug|Win32
		Release|Win32 = Release|Win32
	EndGlobalSection
	GlobalSection(ProjectConfigurationPlatforms) = postSolution
		{2AE65176-4340-460F-BA40-AAA4353B9691}.Debug|Win32.ActiveCfg = Debug|Win32
		{2AE65176-4340-460F-BA40-AAA4353B9691}.Debug|Win32.Build.0 = Debug|Win32
		{2AE65176-4340-460F-BA40-AAA4353B9691}.Release|Win32.ActiveCfg = Release|Win32
		{2AE65176-4340-460F-BA40-AAA4353B9691}.Release|Win32.Build.0 = Release|Win32
		{DA48DED7-9C8E-4160-9C39-6104EFDB774A}.Debug|Win32.ActiveCfg = Debug|Win32
		{DA48DED7-9C8E-4160-9C39-6104EFDB774A}.Debug|Win32.Build.0 = Debug|Win32
		{DA48DED7-9C8E-4160-9C39-6104EFDB774A}.Release|Win32.ActiveCfg = Release|Win32
		{DA48DED7-9C8E-4160-9C39-6104EFDB774A}.Release|Win32.Build.0 = Release|Win32
		{DFE3DB8D-A512-45EA-B3AB-C59A4976DDB9}.Debug|Win32.ActiveCfg = Debug|Win32
		{DFE3DB8D-A512-45EA-B3AB-C59A4976DDB9}.Debug|Win32.Build.0 = Debug|Win32
		{DFE3DB8D-A512-45EA-B3AB-C59A4976DDB9}.Release|Win32.ActiveCfg = Release|Win32
		{DFE3DB8D-A512-45EA-B3AB-C59A4976DDB9}.Release|Win32.Build.0 = Release|Win32
	EndGlobalSection
	GlobalSection(SolutionProperties) = preSolution
		HideSolutionNode = FALSE
	EndGlobalSection
EndGlobal
